
Microsoft Visual Studio Solution File, Format Version 12.00
# Visual Studio 15
VisualStudioVersion = 15.0.28307.438
MinimumVisualStudioVersion = 10.0.40219.1
Project("{9A19103F-16F7-4668-BE54-9A1E7A4F7556}") = "HandMadeShop.Api", "HandMadeShop.Api\HandMadeShop.Api.csproj", "{0048500E-89DF-401C-8897-758ACEBE0B3B}"
EndProject
Project("{FAE04EC0-301F-11D3-BF4B-00C04F79EFBC}") = "HandMadeShop.Core", "HandMadeShop.Core\HandMadeShop.Core.csproj", "{C1ADF973-2C64-478B-93D7-2DD39AEFC6D4}"
EndProject
Project("{FAE04EC0-301F-11D3-BF4B-00C04F79EFBC}") = "HandMadeShop.Dtos", "HandMadeShop.Dtos\HandMadeShop.Dtos.csproj", "{6D931B41-EA71-4854-B42B-899255D4E5AE}"
EndProject
Project("{FAE04EC0-301F-11D3-BF4B-00C04F79EFBC}") = "HandMadeShop.Logic", "HandMadeShop.Logic\HandMadeShop.Logic.csproj", "{3E80C1B8-7D20-4911-A914-A417498DA96E}"
EndProject
Global
	GlobalSection(SolutionConfigurationPlatforms) = preSolution
		Debug|Any CPU = Debug|Any CPU
		Release|Any CPU = Release|Any CPU
	EndGlobalSection
	GlobalSection(ProjectConfigurationPlatforms) = postSolution
		{0048500E-89DF-401C-8897-758ACEBE0B3B}.Debug|Any CPU.ActiveCfg = Debug|Any CPU
		{0048500E-89DF-401C-8897-758ACEBE0B3B}.Debug|Any CPU.Build.0 = Debug|Any CPU
		{0048500E-89DF-401C-8897-758ACEBE0B3B}.Release|Any CPU.ActiveCfg = Release|Any CPU
		{0048500E-89DF-401C-8897-758ACEBE0B3B}.Release|Any CPU.Build.0 = Release|Any CPU
		{C1ADF973-2C64-478B-93D7-2DD39AEFC6D4}.Debug|Any CPU.ActiveCfg = Debug|Any CPU
		{C1ADF973-2C64-478B-93D7-2DD39AEFC6D4}.Debug|Any CPU.Build.0 = Debug|Any CPU
		{C1ADF973-2C64-478B-93D7-2DD39AEFC6D4}.Release|Any CPU.ActiveCfg = Release|Any CPU
		{C1ADF973-2C64-478B-93D7-2DD39AEFC6D4}.Release|Any CPU.Build.0 = Release|Any CPU
		{6D931B41-EA71-4854-B42B-899255D4E5AE}.Debug|Any CPU.ActiveCfg = Debug|Any CPU
		{6D931B41-EA71-4854-B42B-899255D4E5AE}.Debug|Any CPU.Build.0 = Debug|Any CPU
		{6D931B41-EA71-4854-B42B-899255D4E5AE}.Release|Any CPU.ActiveCfg = Release|Any CPU
		{6D931B41-EA71-4854-B42B-899255D4E5AE}.Release|Any CPU.Build.0 = Release|Any CPU
		{3E80C1B8-7D20-4911-A914-A417498DA96E}.Debug|Any CPU.ActiveCfg = Debug|Any CPU
		{3E80C1B8-7D20-4911-A914-A417498DA96E}.Debug|Any CPU.Build.0 = Debug|Any CPU
		{3E80C1B8-7D20-4911-A914-A417498DA96E}.Release|Any CPU.ActiveCfg = Release|Any CPU
		{3E80C1B8-7D20-4911-A914-A417498DA96E}.Release|Any CPU.Build.0 = Release|Any CPU
	EndGlobalSection
	GlobalSection(SolutionProperties) = preSolution
		HideSolutionNode = FALSE
	EndGlobalSection
	GlobalSection(ExtensibilityGlobals) = postSolution
		SolutionGuid = {5EE687D4-372D-4122-BAC2-4F81D58379A3}
	EndGlobalSection
EndGlobal
